
Microsoft Visual Studio Solution File, Format Version 11.00
# Visual Studio 2010
Project("{4925A630-B079-445d-BCD4-3A9C94FE9307}") = "ColorPuzzle", "ColorPuzzle.fsproj", "{070DFEBF-006E-44D8-9A69-FA5ED15C691C}"
EndProject
Global
	GlobalSection(SolutionConfigurationPlatforms) = preSolution
		Debug|Any CPU = Debug|Any CPU
		Release|Any CPU = Release|Any CPU
	EndGlobalSection
	GlobalSection(ProjectConfigurationPlatforms) = postSolution
		{070DFEBF-006E-44D8-9A69-FA5ED15C691C}.Debug|Any CPU.ActiveCfg = Debug|Any CPU
		{070DFEBF-006E-44D8-9A69-FA5ED15C691C}.Debug|Any CPU.Build.0 = Debug|Any CPU
		{070DFEBF-006E-44D8-9A69-FA5ED15C691C}.Release|Any CPU.ActiveCfg = Release|Any CPU
		{070DFEBF-006E-44D8-9A69-FA5ED15C691C}.Release|Any CPU.Build.0 = Release|Any CPU
	EndGlobalSection
	GlobalSection(MonoDevelopProperties) = preSolution
		StartupItem = ColorPuzzle.fsproj
	EndGlobalSection
EndGlobal
